// !$*UTF8*$!
{
	archiveVersion = 1;
	classes = {
	};
	objectVersion = 56;
	objects = {

/* Begin PBXBuildFile section */
		62DA57002C91956100ADFA92 /* RealityKitContent in Frameworks */ = {isa = PBXBuildFile; productRef = 62DA56FF2C91956100ADFA92 /* RealityKitContent */; };
		62DA57022C91956100ADFA92 /* OskarVisionProApp.swift in Sources */ = {isa = PBXBuildFile; fileRef = 62DA57012C91956100ADFA92 /* OskarVisionProApp.swift */; };
		62DA57042C91956100ADFA92 /* ContentView.swift in Sources */ = {isa = PBXBuildFile; fileRef = 62DA57032C91956100ADFA92 /* ContentView.swift */; };
		62DA57062C91956100ADFA92 /* ImmersiveView.swift in Sources */ = {isa = PBXBuildFile; fileRef = 62DA57052C91956100ADFA92 /* ImmersiveView.swift */; };
		62DA57082C91956200ADFA92 /* Assets.xcassets in Resources */ = {isa = PBXBuildFile; fileRef = 62DA57072C91956200ADFA92 /* Assets.xcassets */; };
		62DA570B2C91956200ADFA92 /* Preview Assets.xcassets in Resources */ = {isa = PBXBuildFile; fileRef = 62DA570A2C91956200ADFA92 /* Preview Assets.xcassets */; };
		62DA57142C91B24300ADFA92 /* HeaderView.swift in Sources */ = {isa = PBXBuildFile; fileRef = 62DA57132C91B24300ADFA92 /* HeaderView.swift */; };
		62DA57162C91B2DE00ADFA92 /* ProductListView.swift in Sources */ = {isa = PBXBuildFile; fileRef = 62DA57152C91B2DE00ADFA92 /* ProductListView.swift */; };
		62DA57182C91B33900ADFA92 /* ProductData.swift in Sources */ = {isa = PBXBuildFile; fileRef = 62DA57172C91B33900ADFA92 /* ProductData.swift */; };
		62DA571C2C91BAB300ADFA92 /* Model3DView.swift in Sources */ = {isa = PBXBuildFile; fileRef = 62DA571B2C91BAB300ADFA92 /* Model3DView.swift */; };
		62DA571E2C91BDA300ADFA92 /* OskarSupport.swift in Sources */ = {isa = PBXBuildFile; fileRef = 62DA571D2C91BDA300ADFA92 /* OskarSupport.swift */; };
		62DA57202C91BE2800ADFA92 /* oskar.png in Resources */ = {isa = PBXBuildFile; fileRef = 62DA571F2C91BE2800ADFA92 /* oskar.png */; };
		62DA57222C91BF7100ADFA92 /* CategoryList.swift in Sources */ = {isa = PBXBuildFile; fileRef = 62DA57212C91BF7100ADFA92 /* CategoryList.swift */; };
		62DA57242C91CE8000ADFA92 /* DemoView.swift in Sources */ = {isa = PBXBuildFile; fileRef = 62DA57232C91CE8000ADFA92 /* DemoView.swift */; };
/* End PBXBuildFile section */

/* Begin PBXFileReference section */
		62DA56FA2C91956100ADFA92 /* OskarVisionPro.app */ = {isa = PBXFileReference; explicitFileType = wrapper.application; includeInIndex = 0; path = OskarVisionPro.app; sourceTree = BUILT_PRODUCTS_DIR; };
		62DA56FE2C91956100ADFA92 /* RealityKitContent */ = {isa = PBXFileReference; lastKnownFileType = wrapper; path = RealityKitContent; sourceTree = "<group>"; };
		62DA57012C91956100ADFA92 /* OskarVisionProApp.swift */ = {isa = PBXFileReference; lastKnownFileType = sourcecode.swift; path = OskarVisionProApp.swift; sourceTree = "<group>"; };
		62DA57032C91956100ADFA92 /* ContentView.swift */ = {isa = PBXFileReference; lastKnownFileType = sourcecode.swift; path = ContentView.swift; sourceTree = "<group>"; };
		62DA57052C91956100ADFA92 /* ImmersiveView.swift */ = {isa = PBXFileReference; lastKnownFileType = sourcecode.swift; path = ImmersiveView.swift; sourceTree = "<group>"; };
		62DA57072C91956200ADFA92 /* Assets.xcassets */ = {isa = PBXFileReference; lastKnownFileType = folder.assetcatalog; path = Assets.xcassets; sourceTree = "<group>"; };
		62DA570A2C91956200ADFA92 /* Preview Assets.xcassets */ = {isa = PBXFileReference; lastKnownFileType = folder.assetcatalog; path = "Preview Assets.xcassets"; sourceTree = "<group>"; };
		62DA570C2C91956200ADFA92 /* Info.plist */ = {isa = PBXFileReference; lastKnownFileType = text.plist.xml; path = Info.plist; sourceTree = "<group>"; };
		62DA57132C91B24300ADFA92 /* HeaderView.swift */ = {isa = PBXFileReference; lastKnownFileType = sourcecode.swift; path = HeaderView.swift; sourceTree = "<group>"; };
		62DA57152C91B2DE00ADFA92 /* ProductListView.swift */ = {isa = PBXFileReference; lastKnownFileType = sourcecode.swift; path = ProductListView.swift; sourceTree = "<group>"; };
		62DA57172C91B33900ADFA92 /* ProductData.swift */ = {isa = PBXFileReference; lastKnownFileType = sourcecode.swift; path = ProductData.swift; sourceTree = "<group>"; };
		62DA571B2C91BAB300ADFA92 /* Model3DView.swift */ = {isa = PBXFileReference; lastKnownFileType = sourcecode.swift; path = Model3DView.swift; sourceTree = "<group>"; };
		62DA571D2C91BDA300ADFA92 /* OskarSupport.swift */ = {isa = PBXFileReference; lastKnownFileType = sourcecode.swift; path = OskarSupport.swift; sourceTree = "<group>"; };
		62DA571F2C91BE2800ADFA92 /* oskar.png */ = {isa = PBXFileReference; lastKnownFileType = image.png; path = oskar.png; sourceTree = "<group>"; };
		62DA57212C91BF7100ADFA92 /* CategoryList.swift */ = {isa = PBXFileReference; lastKnownFileType = sourcecode.swift; path = CategoryList.swift; sourceTree = "<group>"; };
		62DA57232C91CE8000ADFA92 /* DemoView.swift */ = {isa = PBXFileReference; lastKnownFileType = sourcecode.swift; path = DemoView.swift; sourceTree = "<group>"; };
/* End PBXFileReference section */

/* Begin PBXFrameworksBuildPhase section */
		62DA56F72C91956100ADFA92 /* Frameworks */ = {
			isa = PBXFrameworksBuildPhase;
			buildActionMask = 2147483647;
			files = (
				62DA57002C91956100ADFA92 /* RealityKitContent in Frameworks */,
			);
			runOnlyForDeploymentPostprocessing = 0;
		};
/* End PBXFrameworksBuildPhase section */

/* Begin PBXGroup section */
		62DA56F12C91956100ADFA92 = {
			isa = PBXGroup;
			children = (
				62DA56FC2C91956100ADFA92 /* OskarVisionPro */,
				62DA56FD2C91956100ADFA92 /* Packages */,
				62DA56FB2C91956100ADFA92 /* Products */,
			);
			sourceTree = "<group>";
		};
		62DA56FB2C91956100ADFA92 /* Products */ = {
			isa = PBXGroup;
			children = (
				62DA56FA2C91956100ADFA92 /* OskarVisionPro.app */,
			);
			name = Products;
			sourceTree = "<group>";
		};
		62DA56FC2C91956100ADFA92 /* OskarVisionPro */ = {
			isa = PBXGroup;
			children = (
				62DA57122C91A8B900ADFA92 /* Assets */,
				62DA57012C91956100ADFA92 /* OskarVisionProApp.swift */,
				62DA57032C91956100ADFA92 /* ContentView.swift */,
				62DA571D2C91BDA300ADFA92 /* OskarSupport.swift */,
				62DA57212C91BF7100ADFA92 /* CategoryList.swift */,
				62DA571B2C91BAB300ADFA92 /* Model3DView.swift */,
				62DA57152C91B2DE00ADFA92 /* ProductListView.swift */,
				62DA57172C91B33900ADFA92 /* ProductData.swift */,
				62DA57232C91CE8000ADFA92 /* DemoView.swift */,
				62DA57052C91956100ADFA92 /* ImmersiveView.swift */,
				62DA57072C91956200ADFA92 /* Assets.xcassets */,
				62DA570C2C91956200ADFA92 /* Info.plist */,
				62DA57092C91956200ADFA92 /* Preview Content */,
				62DA57132C91B24300ADFA92 /* HeaderView.swift */,
			);
			path = OskarVisionPro;
			sourceTree = "<group>";
		};
		62DA56FD2C91956100ADFA92 /* Packages */ = {
			isa = PBXGroup;
			children = (
				62DA56FE2C91956100ADFA92 /* RealityKitContent */,
			);
			path = Packages;
			sourceTree = "<group>";
		};
		62DA57092C91956200ADFA92 /* Preview Content */ = {
			isa = PBXGroup;
			children = (
				62DA570A2C91956200ADFA92 /* Preview Assets.xcassets */,
			);
			path = "Preview Content";
			sourceTree = "<group>";
		};
		62DA57122C91A8B900ADFA92 /* Assets */ = {
			isa = PBXGroup;
			children = (
				62DA571F2C91BE2800ADFA92 /* oskar.png */,
			);
			path = Assets;
			sourceTree = "<group>";
		};
/* End PBXGroup section */

/* Begin PBXNativeTarget section */
		62DA56F92C91956100ADFA92 /* OskarVisionPro */ = {
			isa = PBXNativeTarget;
			buildConfigurationList = 62DA570F2C91956200ADFA92 /* Build configuration list for PBXNativeTarget "OskarVisionPro" */;
			buildPhases = (
				62DA56F62C91956100ADFA92 /* Sources */,
				62DA56F72C91956100ADFA92 /* Frameworks */,
				62DA56F82C91956100ADFA92 /* Resources */,
			);
			buildRules = (
			);
			dependencies = (
			);
			name = OskarVisionPro;
			packageProductDependencies = (
				62DA56FF2C91956100ADFA92 /* RealityKitContent */,
			);
			productName = OskarVisionPro;
			productReference = 62DA56FA2C91956100ADFA92 /* OskarVisionPro.app */;
			productType = "com.apple.product-type.application";
		};
/* End PBXNativeTarget section */

/* Begin PBXProject section */
		62DA56F22C91956100ADFA92 /* Project object */ = {
			isa = PBXProject;
			attributes = {
				BuildIndependentTargetsInParallel = 1;
				LastSwiftUpdateCheck = 1540;
				LastUpgradeCheck = 1540;
				TargetAttributes = {
					62DA56F92C91956100ADFA92 = {
						CreatedOnToolsVersion = 15.4;
					};
				};
			};
			buildConfigurationList = 62DA56F52C91956100ADFA92 /* Build configuration list for PBXProject "OskarVisionPro" */;
			compatibilityVersion = "Xcode 14.0";
			developmentRegion = en;
			hasScannedForEncodings = 0;
			knownRegions = (
				en,
				Base,
			);
			mainGroup = 62DA56F12C91956100ADFA92;
			productRefGroup = 62DA56FB2C91956100ADFA92 /* Products */;
			projectDirPath = "";
			projectRoot = "";
			targets = (
				62DA56F92C91956100ADFA92 /* OskarVisionPro */,
			);
		};
/* End PBXProject section */

/* Begin PBXResourcesBuildPhase section */
		62DA56F82C91956100ADFA92 /* Resources */ = {
			isa = PBXResourcesBuildPhase;
			buildActionMask = 2147483647;
			files = (
				62DA570B2C91956200ADFA92 /* Preview Assets.xcassets in Resources */,
				62DA57202C91BE2800ADFA92 /* oskar.png in Resources */,
				62DA57082C91956200ADFA92 /* Assets.xcassets in Resources */,
			);
			runOnlyForDeploymentPostprocessing = 0;
		};
/* End PBXResourcesBuildPhase section */

/* Begin PBXSourcesBuildPhase section */
		62DA56F62C91956100ADFA92 /* Sources */ = {
			isa = PBXSourcesBuildPhase;
			buildActionMask = 2147483647;
			files = (
				62DA57042C91956100ADFA92 /* ContentView.swift in Sources */,
				62DA57022C91956100ADFA92 /* OskarVisionProApp.swift in Sources */,
				62DA571E2C91BDA300ADFA92 /* OskarSupport.swift in Sources */,
				62DA57242C91CE8000ADFA92 /* DemoView.swift in Sources */,
				62DA57062C91956100ADFA92 /* ImmersiveView.swift in Sources */,
				62DA571C2C91BAB300ADFA92 /* Model3DView.swift in Sources */,
				62DA57142C91B24300ADFA92 /* HeaderView.swift in Sources */,
				62DA57162C91B2DE00ADFA92 /* ProductListView.swift in Sources */,
				62DA57182C91B33900ADFA92 /* ProductData.swift in Sources */,
				62DA57222C91BF7100ADFA92 /* CategoryList.swift in Sources */,
			);
			runOnlyForDeploymentPostprocessing = 0;
		};
/* End PBXSourcesBuildPhase section */

/* Begin XCBuildConfiguration section */
		62DA570D2C91956200ADFA92 /* Debug */ = {
			isa = XCBuildConfiguration;
			buildSettings = {
				ALWAYS_SEARCH_USER_PATHS = NO;
				ASSETCATALOG_COMPILER_GENERATE_SWIFT_ASSET_SYMBOL_EXTENSIONS = YES;
				CLANG_ANALYZER_NONNULL = YES;
				CLANG_ANALYZER_NUMBER_OBJECT_CONVERSION = YES_AGGRESSIVE;
				CLANG_CXX_LANGUAGE_STANDARD = "gnu++20";
				CLANG_ENABLE_MODULES = YES;
				CLANG_ENABLE_OBJC_ARC = YES;
				CLANG_ENABLE_OBJC_WEAK = YES;
				CLANG_WARN_BLOCK_CAPTURE_AUTORELEASING = YES;
				CLANG_WARN_BOOL_CONVERSION = YES;
				CLANG_WARN_COMMA = YES;
				CLANG_WARN_CONSTANT_CONVERSION = YES;
				CLANG_WARN_DEPRECATED_OBJC_IMPLEMENTATIONS = YES;
				CLANG_WARN_DIRECT_OBJC_ISA_USAGE = YES_ERROR;
				CLANG_WARN_DOCUMENTATION_COMMENTS = YES;
				CLANG_WARN_EMPTY_BODY = YES;
				CLANG_WARN_ENUM_CONVERSION = YES;
				CLANG_WARN_INFINITE_RECURSION = YES;
				CLANG_WARN_INT_CONVERSION = YES;
				CLANG_WARN_NON_LITERAL_NULL_CONVERSION = YES;
				CLANG_WARN_OBJC_IMPLICIT_RETAIN_SELF = YES;
				CLANG_WARN_OBJC_LITERAL_CONVERSION = YES;
				CLANG_WARN_OBJC_ROOT_CLASS = YES_ERROR;
				CLANG_WARN_QUOTED_INCLUDE_IN_FRAMEWORK_HEADER = YES;
				CLANG_WARN_RANGE_LOOP_ANALYSIS = YES;
				CLANG_WARN_STRICT_PROTOTYPES = YES;
				CLANG_WARN_SUSPICIOUS_MOVE = YES;
				CLANG_WARN_UNGUARDED_AVAILABILITY = YES_AGGRESSIVE;
				CLANG_WARN_UNREACHABLE_CODE = YES;
				CLANG_WARN__DUPLICATE_METHOD_MATCH = YES;
				COPY_PHASE_STRIP = NO;
				DEBUG_INFORMATION_FORMAT = dwarf;
				ENABLE_STRICT_OBJC_MSGSEND = YES;
				ENABLE_TESTABILITY = YES;
				ENABLE_USER_SCRIPT_SANDBOXING = YES;
				GCC_C_LANGUAGE_STANDARD = gnu17;
				GCC_DYNAMIC_NO_PIC = NO;
				GCC_NO_COMMON_BLOCKS = YES;
				GCC_OPTIMIZATION_LEVEL = 0;
				GCC_PREPROCESSOR_DEFINITIONS = (
					"DEBUG=1",
					"$(inherited)",
				);
				GCC_WARN_64_TO_32_BIT_CONVERSION = YES;
				GCC_WARN_ABOUT_RETURN_TYPE = YES_ERROR;
				GCC_WARN_UNDECLARED_SELECTOR = YES;
				GCC_WARN_UNINITIALIZED_AUTOS = YES_AGGRESSIVE;
				GCC_WARN_UNUSED_FUNCTION = YES;
				GCC_WARN_UNUSED_VARIABLE = YES;
				LOCALIZATION_PREFERS_STRING_CATALOGS = YES;
				MTL_ENABLE_DEBUG_INFO = INCLUDE_SOURCE;
				MTL_FAST_MATH = YES;
				ONLY_ACTIVE_ARCH = YES;
				SDKROOT = xros;
				SWIFT_ACTIVE_COMPILATION_CONDITIONS = "DEBUG $(inherited)";
				SWIFT_OPTIMIZATION_LEVEL = "-Onone";
				XROS_DEPLOYMENT_TARGET = 1.2;
			};
			name = Debug;
		};
		62DA570E2C91956200ADFA92 /* Release */ = {
			isa = XCBuildConfiguration;
			buildSettings = {
				ALWAYS_SEARCH_USER_PATHS = NO;
				ASSETCATALOG_COMPILER_GENERATE_SWIFT_ASSET_SYMBOL_EXTENSIONS = YES;
				CLANG_ANALYZER_NONNULL = YES;
				CLANG_ANALYZER_NUMBER_OBJECT_CONVERSION = YES_AGGRESSIVE;
				CLANG_CXX_LANGUAGE_STANDARD = "gnu++20";
				CLANG_ENABLE_MODULES = YES;
				CLANG_ENABLE_OBJC_ARC = YES;
				CLANG_ENABLE_OBJC_WEAK = YES;
				CLANG_WARN_BLOCK_CAPTURE_AUTORELEASING = YES;
				CLANG_WARN_BOOL_CONVERSION = YES;
				CLANG_WARN_COMMA = YES;
				CLANG_WARN_CONSTANT_CONVERSION = YES;
				CLANG_WARN_DEPRECATED_OBJC_IMPLEMENTATIONS = YES;
				CLANG_WARN_DIRECT_OBJC_ISA_USAGE = YES_ERROR;
				CLANG_WARN_DOCUMENTATION_COMMENTS = YES;
				CLANG_WARN_EMPTY_BODY = YES;
				CLANG_WARN_ENUM_CONVERSION = YES;
				CLANG_WARN_INFINITE_RECURSION = YES;
				CLANG_WARN_INT_CONVERSION = YES;
				CLANG_WARN_NON_LITERAL_NULL_CONVERSION = YES;
				CLANG_WARN_OBJC_IMPLICIT_RETAIN_SELF = YES;
				CLANG_WARN_OBJC_LITERAL_CONVERSION = YES;
				CLANG_WARN_OBJC_ROOT_CLASS = YES_ERROR;
				CLANG_WARN_QUOTED_INCLUDE_IN_FRAMEWORK_HEADER = YES;
				CLANG_WARN_RANGE_LOOP_ANALYSIS = YES;
				CLANG_WARN_STRICT_PROTOTYPES = YES;
				CLANG_WARN_SUSPICIOUS_MOVE = YES;
				CLANG_WARN_UNGUARDED_AVAILABILITY = YES_AGGRESSIVE;
				CLANG_WARN_UNREACHABLE_CODE = YES;
				CLANG_WARN__DUPLICATE_METHOD_MATCH = YES;
				COPY_PHASE_STRIP = NO;
				DEBUG_INFORMATION_FORMAT = "dwarf-with-dsym";
				ENABLE_NS_ASSERTIONS = NO;
				ENABLE_STRICT_OBJC_MSGSEND = YES;
				ENABLE_USER_SCRIPT_SANDBOXING = YES;
				GCC_C_LANGUAGE_STANDARD = gnu17;
				GCC_NO_COMMON_BLOCKS = YES;
				GCC_WARN_64_TO_32_BIT_CONVERSION = YES;
				GCC_WARN_ABOUT_RETURN_TYPE = YES_ERROR;
				GCC_WARN_UNDECLARED_SELECTOR = YES;
				GCC_WARN_UNINITIALIZED_AUTOS = YES_AGGRESSIVE;
				GCC_WARN_UNUSED_FUNCTION = YES;
				GCC_WARN_UNUSED_VARIABLE = YES;
				LOCALIZATION_PREFERS_STRING_CATALOGS = YES;
				MTL_ENABLE_DEBUG_INFO = NO;
				MTL_FAST_MATH = YES;
				SDKROOT = xros;
				SWIFT_COMPILATION_MODE = wholemodule;
				VALIDATE_PRODUCT = YES;
				XROS_DEPLOYMENT_TARGET = 1.2;
			};
			name = Release;
		};
		62DA57102C91956200ADFA92 /* Debug */ = {
			isa = XCBuildConfiguration;
			buildSettings = {
				ASSETCATALOG_COMPILER_APPICON_NAME = AppIcon;
				ASSETCATALOG_COMPILER_GLOBAL_ACCENT_COLOR_NAME = AccentColor;
				CODE_SIGN_STYLE = Automatic;
				CURRENT_PROJECT_VERSION = 1;
				DEVELOPMENT_ASSET_PATHS = "\"OskarVisionPro/Preview Content\"";
				DEVELOPMENT_TEAM = 6NFUM25US9;
				ENABLE_PREVIEWS = YES;
				GENERATE_INFOPLIST_FILE = YES;
				INFOPLIST_FILE = "$(TARGET_NAME)/Info.plist";
				LD_RUNPATH_SEARCH_PATHS = (
					"$(inherited)",
					"@executable_path/Frameworks",
				);
				MARKETING_VERSION = 1.0;
				PRODUCT_BUNDLE_IDENTIFIER = de.basecom.OskarVisionPro;
				PRODUCT_NAME = "$(TARGET_NAME)";
				SUPPORTED_PLATFORMS = "xros xrsimulator";
				SWIFT_EMIT_LOC_STRINGS = YES;
				SWIFT_VERSION = 5.0;
				TARGETED_DEVICE_FAMILY = "1,2,7";
			};
			name = Debug;
		};
		62DA57112C91956200ADFA92 /* Release */ = {
			isa = XCBuildConfiguration;
			buildSettings = {
				ASSETCATALOG_COMPILER_APPICON_NAME = AppIcon;
				ASSETCATALOG_COMPILER_GLOBAL_ACCENT_COLOR_NAME = AccentColor;
				CODE_SIGN_STYLE = Automatic;
				CURRENT_PROJECT_VERSION = 1;
				DEVELOPMENT_ASSET_PATHS = "\"OskarVisionPro/Preview Content\"";
				DEVELOPMENT_TEAM = 6NFUM25US9;
				ENABLE_PREVIEWS = YES;
				GENERATE_INFOPLIST_FILE = YES;
				INFOPLIST_FILE = "$(TARGET_NAME)/Info.plist";
				LD_RUNPATH_SEARCH_PATHS = (
					"$(inherited)",
					"@executable_path/Frameworks",
				);
				MARKETING_VERSION = 1.0;
				PRODUCT_BUNDLE_IDENTIFIER = de.basecom.OskarVisionPro;
				PRODUCT_NAME = "$(TARGET_NAME)";
				SUPPORTED_PLATFORMS = "xros xrsimulator";
				SWIFT_EMIT_LOC_STRINGS = YES;
				SWIFT_VERSION = 5.0;
				TARGETED_DEVICE_FAMILY = "1,2,7";
			};
			name = Release;
		};
/* End XCBuildConfiguration section */

/* Begin XCConfigurationList section */
		62DA56F52C91956100ADFA92 /* Build configuration list for PBXProject "OskarVisionPro" */ = {
			isa = XCConfigurationList;
			buildConfigurations = (
				62DA570D2C91956200ADFA92 /* Debug */,
				62DA570E2C91956200ADFA92 /* Release */,
			);
			defaultConfigurationIsVisible = 0;
			defaultConfigurationName = Release;
		};
		62DA570F2C91956200ADFA92 /* Build configuration list for PBXNativeTarget "OskarVisionPro" */ = {
			isa = XCConfigurationList;
			buildConfigurations = (
				62DA57102C91956200ADFA92 /* Debug */,
				62DA57112C91956200ADFA92 /* Release */,
			);
			defaultConfigurationIsVisible = 0;
			defaultConfigurationName = Release;
		};
/* End XCConfigurationList section */

/* Begin XCSwiftPackageProductDependency section */
		62DA56FF2C91956100ADFA92 /* RealityKitContent */ = {
			isa = XCSwiftPackageProductDependency;
			productName = RealityKitContent;
		};
/* End XCSwiftPackageProductDependency section */
	};
	rootObject = 62DA56F22C91956100ADFA92 /* Project object */;
}
